
Microsoft Visual Studio Solution File, Format Version 12.00
# Visual Studio Version 16
VisualStudioVersion = 16.0.30611.23
MinimumVisualStudioVersion = 10.0.40219.1
Project("{FAE04EC0-301F-11D3-BF4B-00C04F79EFBC}") = "FavoriteHero", "FavoriteHero.csproj", "{2876B1CA-15B6-45D7-B190-0BEAF3E92D40}"
EndProject
Global
	GlobalSection(SolutionConfigurationPlatforms) = preSolution
		Debug|Any CPU = Debug|Any CPU
		Release|Any CPU = Release|Any CPU
	EndGlobalSection
	GlobalSection(ProjectConfigurationPlatforms) = postSolution
		{2876B1CA-15B6-45D7-B190-0BEAF3E92D40}.Debug|Any CPU.ActiveCfg = Debug|Any CPU
		{2876B1CA-15B6-45D7-B190-0BEAF3E92D40}.Debug|Any CPU.Build.0 = Debug|Any CPU
		{2876B1CA-15B6-45D7-B190-0BEAF3E92D40}.Release|Any CPU.ActiveCfg = Release|Any CPU
		{2876B1CA-15B6-45D7-B190-0BEAF3E92D40}.Release|Any CPU.Build.0 = Release|Any CPU
	EndGlobalSection
	GlobalSection(SolutionProperties) = preSolution
		HideSolutionNode = FALSE
	EndGlobalSection
	GlobalSection(ExtensibilityGlobals) = postSolution
		SolutionGuid = {7DDDB7A2-94EF-4C01-9D46-774DE3094F50}
	EndGlobalSection
EndGlobal
